
Microsoft Visual Studio Solution File, Format Version 12.00
# Visual Studio Version 17
VisualStudioVersion = 17.2.32630.192
MinimumVisualStudioVersion = 10.0.40219.1
Project("{FAE04EC0-301F-11D3-BF4B-00C04F79EFBC}") = "Blazor-Heroku-Demo", "Blazor-Heroku-Demo.csproj", "{A0097130-37CE-4B03-AF0E-25672D48BB98}"
EndProject
Global
	GlobalSection(SolutionConfigurationPlatforms) = preSolution
		Debug|Any CPU = Debug|Any CPU
		Release|Any CPU = Release|Any CPU
	EndGlobalSection
	GlobalSection(ProjectConfigurationPlatforms) = postSolution
		{A0097130-37CE-4B03-AF0E-25672D48BB98}.Debug|Any CPU.ActiveCfg = Debug|Any CPU
		{A0097130-37CE-4B03-AF0E-25672D48BB98}.Debug|Any CPU.Build.0 = Debug|Any CPU
		{A0097130-37CE-4B03-AF0E-25672D48BB98}.Release|Any CPU.ActiveCfg = Release|Any CPU
		{A0097130-37CE-4B03-AF0E-25672D48BB98}.Release|Any CPU.Build.0 = Release|Any CPU
	EndGlobalSection
	GlobalSection(SolutionProperties) = preSolution
		HideSolutionNode = FALSE
	EndGlobalSection
	GlobalSection(ExtensibilityGlobals) = postSolution
		SolutionGuid = {D6AC7564-96C4-4AC4-82B6-36A2398C3489}
	EndGlobalSection
EndGlobal
